
Microsoft Visual Studio Solution File, Format Version 12.00
# Visual Studio Version 16
VisualStudioVersion = 16.0.30011.22
MinimumVisualStudioVersion = 10.0.40219.1
Project("{FAE04EC0-301F-11D3-BF4B-00C04F79EFBC}") = "TestWebRepo2", "TestWebRepo2.csproj", "{5C23F7FB-116D-49B5-B0D5-29AA87D6EBB5}"
EndProject
Global
	GlobalSection(SolutionConfigurationPlatforms) = preSolution
		Debug|Any CPU = Debug|Any CPU
		Release|Any CPU = Release|Any CPU
	EndGlobalSection
	GlobalSection(ProjectConfigurationPlatforms) = postSolution
		{5C23F7FB-116D-49B5-B0D5-29AA87D6EBB5}.Debug|Any CPU.ActiveCfg = Debug|Any CPU
		{5C23F7FB-116D-49B5-B0D5-29AA87D6EBB5}.Debug|Any CPU.Build.0 = Debug|Any CPU
		{5C23F7FB-116D-49B5-B0D5-29AA87D6EBB5}.Release|Any CPU.ActiveCfg = Release|Any CPU
		{5C23F7FB-116D-49B5-B0D5-29AA87D6EBB5}.Release|Any CPU.Build.0 = Release|Any CPU
	EndGlobalSection
	GlobalSection(SolutionProperties) = preSolution
		HideSolutionNode = FALSE
	EndGlobalSection
	GlobalSection(ExtensibilityGlobals) = postSolution
		SolutionGuid = {E909CB84-2F6C-41B0-A441-563A527D7AEA}
	EndGlobalSection
EndGlobal
